
Microsoft Visual Studio Solution File, Format Version 12.00
# Visual Studio Version 17
VisualStudioVersion = 17.3.32825.248
MinimumVisualStudioVersion = 10.0.40219.1
Project("{FAE04EC0-301F-11D3-BF4B-00C04F79EFBC}") = "Studentlib", "Studentlib\Studentlib.csproj", "{B78FB962-878C-4171-9679-51B4EB0AE946}"
EndProject
Project("{FAE04EC0-301F-11D3-BF4B-00C04F79EFBC}") = "TestProjectStudentSevice", "TestProjectStudentSevice\TestProjectStudentSevice.csproj", "{7B469A0D-F66F-45CA-981B-3152E43D6399}"
EndProject
Global
	GlobalSection(SolutionConfigurationPlatforms) = preSolution
		Debug|Any CPU = Debug|Any CPU
		Release|Any CPU = Release|Any CPU
	EndGlobalSection
	GlobalSection(ProjectConfigurationPlatforms) = postSolution
		{B78FB962-878C-4171-9679-51B4EB0AE946}.Debug|Any CPU.ActiveCfg = Debug|Any CPU
		{B78FB962-878C-4171-9679-51B4EB0AE946}.Debug|Any CPU.Build.0 = Debug|Any CPU
		{B78FB962-878C-4171-9679-51B4EB0AE946}.Release|Any CPU.ActiveCfg = Release|Any CPU
		{B78FB962-878C-4171-9679-51B4EB0AE946}.Release|Any CPU.Build.0 = Release|Any CPU
		{7B469A0D-F66F-45CA-981B-3152E43D6399}.Debug|Any CPU.ActiveCfg = Debug|Any CPU
		{7B469A0D-F66F-45CA-981B-3152E43D6399}.Debug|Any CPU.Build.0 = Debug|Any CPU
		{7B469A0D-F66F-45CA-981B-3152E43D6399}.Release|Any CPU.ActiveCfg = Release|Any CPU
		{7B469A0D-F66F-45CA-981B-3152E43D6399}.Release|Any CPU.Build.0 = Release|Any CPU
	EndGlobalSection
	GlobalSection(SolutionProperties) = preSolution
		HideSolutionNode = FALSE
	EndGlobalSection
	GlobalSection(ExtensibilityGlobals) = postSolution
		SolutionGuid = {950D3E38-2D44-4BD5-ACA8-9DA3BCE39A21}
	EndGlobalSection
EndGlobal
